
Microsoft Visual Studio Solution File, Format Version 12.00
# Visual Studio 2012
Project("{FAE04EC0-301F-11D3-BF4B-00C04F79EFBC}") = "XbyakSharp", "XbyakSharp\XbyakSharp.csproj", "{14C64B8C-F2A8-4174-BC58-394975ED850C}"
EndProject
Project("{FAE04EC0-301F-11D3-BF4B-00C04F79EFBC}") = "XbyakSharp.Test", "XbyakSharp.Test\XbyakSharp.Test.csproj", "{8762B105-A740-4F73-919E-05049D6720FE}"
EndProject
Project("{FAE04EC0-301F-11D3-BF4B-00C04F79EFBC}") = "XbyakSharp.Sample.Quantize", "XbyakSharp.Sample.Quantize\XbyakSharp.Sample.Quantize.csproj", "{EBB9ABF1-3161-4E4E-87F1-8F75CA81DD59}"
EndProject
Global
	GlobalSection(SolutionConfigurationPlatforms) = preSolution
		Debug|Any CPU = Debug|Any CPU
		Debug|x64 = Debug|x64
		Debug|x86 = Debug|x86
		Release|Any CPU = Release|Any CPU
		Release|x64 = Release|x64
		Release|x86 = Release|x86
	EndGlobalSection
	GlobalSection(ProjectConfigurationPlatforms) = postSolution
		{14C64B8C-F2A8-4174-BC58-394975ED850C}.Debug|Any CPU.ActiveCfg = Debug|Any CPU
		{14C64B8C-F2A8-4174-BC58-394975ED850C}.Debug|Any CPU.Build.0 = Debug|Any CPU
		{14C64B8C-F2A8-4174-BC58-394975ED850C}.Debug|x64.ActiveCfg = Debug|x64
		{14C64B8C-F2A8-4174-BC58-394975ED850C}.Debug|x64.Build.0 = Debug|x64
		{14C64B8C-F2A8-4174-BC58-394975ED850C}.Debug|x86.ActiveCfg = Debug|x86
		{14C64B8C-F2A8-4174-BC58-394975ED850C}.Debug|x86.Build.0 = Debug|x86
		{14C64B8C-F2A8-4174-BC58-394975ED850C}.Release|Any CPU.ActiveCfg = Release|Any CPU
		{14C64B8C-F2A8-4174-BC58-394975ED850C}.Release|Any CPU.Build.0 = Release|Any CPU
		{14C64B8C-F2A8-4174-BC58-394975ED850C}.Release|x64.ActiveCfg = Release|x64
		{14C64B8C-F2A8-4174-BC58-394975ED850C}.Release|x64.Build.0 = Release|x64
		{14C64B8C-F2A8-4174-BC58-394975ED850C}.Release|x86.ActiveCfg = Release|x86
		{14C64B8C-F2A8-4174-BC58-394975ED850C}.Release|x86.Build.0 = Release|x86
		{8762B105-A740-4F73-919E-05049D6720FE}.Debug|Any CPU.ActiveCfg = Debug|Any CPU
		{8762B105-A740-4F73-919E-05049D6720FE}.Debug|Any CPU.Build.0 = Debug|Any CPU
		{8762B105-A740-4F73-919E-05049D6720FE}.Debug|x64.ActiveCfg = Debug|x64
		{8762B105-A740-4F73-919E-05049D6720FE}.Debug|x64.Build.0 = Debug|x64
		{8762B105-A740-4F73-919E-05049D6720FE}.Debug|x86.ActiveCfg = Debug|x86
		{8762B105-A740-4F73-919E-05049D6720FE}.Debug|x86.Build.0 = Debug|x86
		{8762B105-A740-4F73-919E-05049D6720FE}.Release|Any CPU.ActiveCfg = Release|Any CPU
		{8762B105-A740-4F73-919E-05049D6720FE}.Release|Any CPU.Build.0 = Release|Any CPU
		{8762B105-A740-4F73-919E-05049D6720FE}.Release|x64.ActiveCfg = Release|x64
		{8762B105-A740-4F73-919E-05049D6720FE}.Release|x64.Build.0 = Release|x64
		{8762B105-A740-4F73-919E-05049D6720FE}.Release|x86.ActiveCfg = Release|x86
		{8762B105-A740-4F73-919E-05049D6720FE}.Release|x86.Build.0 = Release|x86
		{EBB9ABF1-3161-4E4E-87F1-8F75CA81DD59}.Debug|Any CPU.ActiveCfg = Debug|Any CPU
		{EBB9ABF1-3161-4E4E-87F1-8F75CA81DD59}.Debug|Any CPU.Build.0 = Debug|Any CPU
		{EBB9ABF1-3161-4E4E-87F1-8F75CA81DD59}.Debug|x64.ActiveCfg = Debug|x64
		{EBB9ABF1-3161-4E4E-87F1-8F75CA81DD59}.Debug|x64.Build.0 = Debug|x64
		{EBB9ABF1-3161-4E4E-87F1-8F75CA81DD59}.Debug|x86.ActiveCfg = Debug|x86
		{EBB9ABF1-3161-4E4E-87F1-8F75CA81DD59}.Debug|x86.Build.0 = Debug|x86
		{EBB9ABF1-3161-4E4E-87F1-8F75CA81DD59}.Release|Any CPU.ActiveCfg = Release|Any CPU
		{EBB9ABF1-3161-4E4E-87F1-8F75CA81DD59}.Release|Any CPU.Build.0 = Release|Any CPU
		{EBB9ABF1-3161-4E4E-87F1-8F75CA81DD59}.Release|x64.ActiveCfg = Release|x64
		{EBB9ABF1-3161-4E4E-87F1-8F75CA81DD59}.Release|x64.Build.0 = Release|x64
		{EBB9ABF1-3161-4E4E-87F1-8F75CA81DD59}.Release|x86.ActiveCfg = Release|x86
		{EBB9ABF1-3161-4E4E-87F1-8F75CA81DD59}.Release|x86.Build.0 = Release|x86
	EndGlobalSection
	GlobalSection(SolutionProperties) = preSolution
		HideSolutionNode = FALSE
	EndGlobalSection
EndGlobal
